<?xml version="1.0" encoding="utf-8"?>
<Project ToolsVersion="4.0" xmlns="http://schemas.microsoft.com/developer/msbuild/2003">
  <ItemGroup>
    <Filter Include="Source Files">
      <UniqueIdentifier>{4FC737F1-C7A5-4376-A066-2A32D752A2FF}</UniqueIdentifier>
      <Extensions>cpp;c;cc;cxx;c++;cppm;ixx;def;odl;idl;hpj;bat;asm;asmx</Extensions>
    </Filter>
    <Filter Include="Header Files">
      <UniqueIdentifier>{93995380-89BD-4b04-88EB-625FBE52EBFB}</UniqueIdentifier>
      <Extensions>h;hh;hpp;hxx;h++;hm;inl;inc;ipp;xsd</Extensions>
    </Filter>
    <Filter Include="Resource Files">
      <UniqueIdentifier>{67DA6AB6-F800-4c08-8B7A-83BB121AAD01}</UniqueIdentifier>
      <Extensions>rc;ico;cur;bmp;dlg;rc2;rct;bin;rgs;gif;jpg;jpeg;jpe;resx;tiff;tif;png;wav;mfcribbon-ms</Extensions>
    </Filter>
    <Filter Include="Source Files\Main">
      <UniqueIdentifier>{b0112425-6765-444b-8110-8951f29ec77b}</UniqueIdentifier>
    </Filter>
    <Filter Include="Source Files\Main\Object Properties and Files">
      <UniqueIdentifier>{5e4e299b-bd16-4818-a13c-26ebd1de3dc2}</UniqueIdentifier>
    </Filter>
  </ItemGroup>
  <ItemGroup>
    <ClCompile Include="glad.c">
      <Filter>Source Files</Filter>
    </ClCompile>
    <ClCompile Include="stb.cpp">
      <Filter>Source Files\Main</Filter>
    </ClCompile>
    <ClCompile Include="Main.cpp">
      <Filter>Source Files\Main</Filter>
    </ClCompile>
    <ClCompile Include="EBO.cpp">
      <Filter>Source Files\Main</Filter>
    </ClCompile>
    <ClCompile Include="VAO.cpp">
      <Filter>Source Files\Main</Filter>
    </ClCompile>
    <ClCompile Include="VBO.cpp">
      <Filter>Source Files\Main</Filter>
    </ClCompile>
    <ClCompile Include="shaderClass.cpp">
      <Filter>Source Files\Main</Filter>
    </ClCompile>
    <ClCompile Include="Texture.cpp">
      <Filter>Source Files\Main</Filter>
    </ClCompile>
    <ClCompile Include="Camera.cpp">
      <Filter>Source Files\Main</Filter>
    </ClCompile>
    <ClCompile Include="Object.cpp">
      <Filter>Source Files\Main</Filter>
    </ClCompile>
    <ClCompile Include="Data.cpp">
      <Filter>Source Files\Main</Filter>
    </ClCompile>
    <ClCompile Include="Rigidbody.cpp">
      <Filter>Source Files\Main\Object Properties and Files</Filter>
    </ClCompile>
  </ItemGroup>
  <ItemGroup>
    <None Include="main.vert">
      <Filter>Source Files\Main</Filter>
    </None>
    <None Include="main.frag">
      <Filter>Source Files\Main</Filter>
    </None>
    <None Include="colorShader.vert">
      <Filter>Source Files\Main</Filter>
    </None>
    <None Include="colorShader.frag">
      <Filter>Source Files\Main</Filter>
    </None>
  </ItemGroup>
  <ItemGroup>
    <ClInclude Include="EBO.h">
      <Filter>Source Files\Main</Filter>
    </ClInclude>
    <ClInclude Include="VAO.h">
      <Filter>Source Files\Main</Filter>
    </ClInclude>
    <ClInclude Include="VBO.h">
      <Filter>Source Files\Main</Filter>
    </ClInclude>
    <ClInclude Include="shaderClass.h">
      <Filter>Source Files\Main</Filter>
    </ClInclude>
    <ClInclude Include="Texture.h">
      <Filter>Source Files\Main</Filter>
    </ClInclude>
    <ClInclude Include="Camera.h">
      <Filter>Source Files\Main</Filter>
    </ClInclude>
    <ClInclude Include="Object.h">
      <Filter>Source Files\Main</Filter>
    </ClInclude>
    <ClInclude Include="Data.h">
      <Filter>Source Files\Main</Filter>
    </ClInclude>
    <ClInclude Include="Engine.h">
      <Filter>Source Files\Main</Filter>
    </ClInclude>
    <ClInclude Include="DeleteWrapper.h">
      <Filter>Source Files\Main</Filter>
    </ClInclude>
    <ClInclude Include="Rigidbody.h">
      <Filter>Source Files\Main\Object Properties and Files</Filter>
    </ClInclude>
    <ClInclude Include="Cube.h">
      <Filter>Source Files\Main</Filter>
    </ClInclude>
    <ClInclude Include="TriangularPrism.h">
      <Filter>Source Files\Main</Filter>
    </ClInclude>
  </ItemGroup>
</Project>